{
  "requires": true,
  "lockfileVersion": 1,
  "dependencies": {
    "mini-antui": {
      "version": "0.4.4",
      "resolved": "https://registry.npmjs.org/mini-antui/-/mini-antui-0.4.4.tgz",
      "integrity": "sha512-mkrn5VF30ojspyVY70Otn91sp0YyJE4j0fvsqqzAaXqOv1fpHROTwLMcIwshi8XcMn9gAxXrdFujJQQo46uh+Q=="
    }
  }
}
